
Microsoft Visual Studio Solution File, Format Version 12.00
# Visual Studio Version 16
VisualStudioVersion = 16.0.29613.14
MinimumVisualStudioVersion = 10.0.40219.1
Project("{FAE04EC0-301F-11D3-BF4B-00C04F79EFBC}") = "PrsNetServer", "PrsNetServer\PrsNetServer.csproj", "{561C687D-AEA6-4A0D-855C-2295D61FAC3B}"
EndProject
Global
	GlobalSection(SolutionConfigurationPlatforms) = preSolution
		Debug|Any CPU = Debug|Any CPU
		Release|Any CPU = Release|Any CPU
	EndGlobalSection
	GlobalSection(ProjectConfigurationPlatforms) = postSolution
		{561C687D-AEA6-4A0D-855C-2295D61FAC3B}.Debug|Any CPU.ActiveCfg = Debug|Any CPU
		{561C687D-AEA6-4A0D-855C-2295D61FAC3B}.Debug|Any CPU.Build.0 = Debug|Any CPU
		{561C687D-AEA6-4A0D-855C-2295D61FAC3B}.Release|Any CPU.ActiveCfg = Release|Any CPU
		{561C687D-AEA6-4A0D-855C-2295D61FAC3B}.Release|Any CPU.Build.0 = Release|Any CPU
	EndGlobalSection
	GlobalSection(SolutionProperties) = preSolution
		HideSolutionNode = FALSE
	EndGlobalSection
	GlobalSection(ExtensibilityGlobals) = postSolution
		SolutionGuid = {41C2BE82-AE48-4A73-A6A0-BE2659F561AA}
	EndGlobalSection
EndGlobal
